<?xml version="1.0" encoding="utf-8"?>
<Project ToolsVersion="4.0" xmlns="http://schemas.microsoft.com/developer/msbuild/2003">
  <ItemGroup>
    <Filter Include="Source Files">
      <UniqueIdentifier>{4FC737F1-C7A5-4376-A066-2A32D752A2FF}</UniqueIdentifier>
      <Extensions>cpp;c;cc;cxx;c++;def;odl;idl;hpj;bat;asm;asmx</Extensions>
    </Filter>
    <Filter Include="Header Files">
      <UniqueIdentifier>{93995380-89BD-4b04-88EB-625FBE52EBFB}</UniqueIdentifier>
      <Extensions>h;hh;hpp;hxx;h++;hm;inl;inc;ipp;xsd</Extensions>
    </Filter>
    <Filter Include="Resource Files">
      <UniqueIdentifier>{67DA6AB6-F800-4c08-8B7A-83BB121AAD01}</UniqueIdentifier>
      <Extensions>rc;ico;cur;bmp;dlg;rc2;rct;bin;rgs;gif;jpg;jpeg;jpe;resx;tiff;tif;png;wav;mfcribbon-ms</Extensions>
    </Filter>
    <Filter Include="HLSL">
      <UniqueIdentifier>{6957d34e-b8a0-452b-bbf0-ab748b835b7f}</UniqueIdentifier>
    </Filter>
    <Filter Include="HLSL\cginc">
      <UniqueIdentifier>{d4f32e6d-c2fb-4642-a207-af6dc8dc7a45}</UniqueIdentifier>
    </Filter>
    <Filter Include="Mesh">
      <UniqueIdentifier>{2a78312a-a6b1-49b2-af1e-202171e040d0}</UniqueIdentifier>
    </Filter>
    <Filter Include="Collider">
      <UniqueIdentifier>{9bbfcd26-0306-4032-abef-573af51a2caf}</UniqueIdentifier>
    </Filter>
  </ItemGroup>
  <ItemGroup>
    <ClCompile Include="DXFramework\BlendState.cpp">
      <Filter>Source Files</Filter>
    </ClCompile>
    <ClCompile Include="DXFramework\Buffer.cpp">
      <Filter>Source Files</Filter>
    </ClCompile>
    <ClCompile Include="DXFramework\Camera.cpp">
      <Filter>Source Files</Filter>
    </ClCompile>
    <ClCompile Include="DXFramework\CameraMgr.cpp">
      <Filter>Source Files</Filter>
    </ClCompile>
    <ClCompile Include="DXFramework\Component.cpp">
      <Filter>Source Files</Filter>
    </ClCompile>
    <ClCompile Include="DXFramework\Debugging.cpp">
      <Filter>Source Files</Filter>
    </ClCompile>
    <ClCompile Include="DXFramework\DebuggingScene.cpp">
      <Filter>Source Files</Filter>
    </ClCompile>
    <ClCompile Include="DXFramework\DepthStencilState.cpp">
      <Filter>Source Files</Filter>
    </ClCompile>
    <ClCompile Include="DXFramework\DXFramework.cpp">
      <Filter>Source Files</Filter>
    </ClCompile>
    <ClCompile Include="DXFramework\Graphic.cpp">
      <Filter>Source Files</Filter>
    </ClCompile>
    <ClCompile Include="DXFramework\Keyboard.cpp">
      <Filter>Source Files</Filter>
    </ClCompile>
    <ClCompile Include="DXFramework\Light.cpp">
      <Filter>Source Files</Filter>
    </ClCompile>
    <ClCompile Include="DXFramework\Mouse.cpp">
      <Filter>Source Files</Filter>
    </ClCompile>
    <ClCompile Include="DXFramework\Object.cpp">
      <Filter>Source Files</Filter>
    </ClCompile>
    <ClCompile Include="DXFramework\ObjectMgr.cpp">
      <Filter>Source Files</Filter>
    </ClCompile>
    <ClCompile Include="DXFramework\Physic.cpp">
      <Filter>Source Files</Filter>
    </ClCompile>
    <ClCompile Include="DXFramework\PlayScene.cpp">
      <Filter>Source Files</Filter>
    </ClCompile>
    <ClCompile Include="DXFramework\RasterizerState.cpp">
      <Filter>Source Files</Filter>
    </ClCompile>
    <ClCompile Include="DXFramework\RenderScene.cpp">
      <Filter>Source Files</Filter>
    </ClCompile>
    <ClCompile Include="DXFramework\Scene.cpp">
      <Filter>Source Files</Filter>
    </ClCompile>
    <ClCompile Include="DXFramework\SceneMgr.cpp">
      <Filter>Source Files</Filter>
    </ClCompile>
    <ClCompile Include="DXFramework\SetupScene.cpp">
      <Filter>Source Files</Filter>
    </ClCompile>
    <ClCompile Include="DXFramework\Shader.cpp">
      <Filter>Source Files</Filter>
    </ClCompile>
    <ClCompile Include="DXFramework\Skybox.cpp">
      <Filter>Source Files</Filter>
    </ClCompile>
    <ClCompile Include="DXFramework\TextureMgr.cpp">
      <Filter>Source Files</Filter>
    </ClCompile>
    <ClCompile Include="DXFramework\Timer.cpp">
      <Filter>Source Files</Filter>
    </ClCompile>
    <ClCompile Include="DXFramework\Transform.cpp">
      <Filter>Source Files</Filter>
    </ClCompile>
    <ClCompile Include="DXFramework\UI.cpp">
      <Filter>Source Files</Filter>
    </ClCompile>
    <ClCompile Include="DXFramework\Unbinding.cpp">
      <Filter>Source Files</Filter>
    </ClCompile>
    <ClCompile Include="DXFramework\UnlitObj.cpp">
      <Filter>Source Files</Filter>
    </ClCompile>
    <ClCompile Include="DXFramework\LineMesh.cpp">
      <Filter>Mesh</Filter>
    </ClCompile>
    <ClCompile Include="DXFramework\Mesh.cpp">
      <Filter>Mesh</Filter>
    </ClCompile>
    <ClCompile Include="DXFramework\MeshLoader.cpp">
      <Filter>Mesh</Filter>
    </ClCompile>
    <ClCompile Include="DXFramework\QuadMesh.cpp">
      <Filter>Mesh</Filter>
    </ClCompile>
    <ClCompile Include="DXFramework\SphereMesh.cpp">
      <Filter>Mesh</Filter>
    </ClCompile>
    <ClCompile Include="DXFramework\Collider.cpp">
      <Filter>Collider</Filter>
    </ClCompile>
    <ClCompile Include="DXFramework\CubeCollider.cpp">
      <Filter>Collider</Filter>
    </ClCompile>
    <ClCompile Include="DXFramework\QuadCollider.cpp">
      <Filter>Collider</Filter>
    </ClCompile>
    <ClCompile Include="DXFramework\SphereCollider.cpp">
      <Filter>Collider</Filter>
    </ClCompile>
    <ClCompile Include="Source.cpp">
      <Filter>Source Files</Filter>
    </ClCompile>
    <ClCompile Include="DXFramework\AStar.cpp">
      <Filter>Source Files</Filter>
    </ClCompile>
    <ClCompile Include="DXFramework\CustomSTL.cpp">
      <Filter>Source Files</Filter>
    </ClCompile>
  </ItemGroup>
  <ItemGroup>
    <ClInclude Include="DXFramework\LineMesh.h">
      <Filter>Mesh</Filter>
    </ClInclude>
    <ClInclude Include="DXFramework\Mesh.h">
      <Filter>Mesh</Filter>
    </ClInclude>
    <ClInclude Include="DXFramework\MeshLoader.h">
      <Filter>Mesh</Filter>
    </ClInclude>
    <ClInclude Include="DXFramework\QuadMesh.h">
      <Filter>Mesh</Filter>
    </ClInclude>
    <ClInclude Include="DXFramework\SphereMesh.h">
      <Filter>Mesh</Filter>
    </ClInclude>
    <ClInclude Include="DXFramework\SphereCollider.h">
      <Filter>Collider</Filter>
    </ClInclude>
    <ClInclude Include="DXFramework\Collider.h">
      <Filter>Collider</Filter>
    </ClInclude>
    <ClInclude Include="DXFramework\CubeCollider.h">
      <Filter>Collider</Filter>
    </ClInclude>
    <ClInclude Include="DXFramework\QuadCollider.h">
      <Filter>Collider</Filter>
    </ClInclude>
    <ClInclude Include="DXFramework\BlendState.h">
      <Filter>Header Files</Filter>
    </ClInclude>
    <ClInclude Include="DXFramework\Buffer.h">
      <Filter>Header Files</Filter>
    </ClInclude>
    <ClInclude Include="DXFramework\Camera.h">
      <Filter>Header Files</Filter>
    </ClInclude>
    <ClInclude Include="DXFramework\CameraMgr.h">
      <Filter>Header Files</Filter>
    </ClInclude>
    <ClInclude Include="DXFramework\Component.h">
      <Filter>Header Files</Filter>
    </ClInclude>
    <ClInclude Include="DXFramework\Debugging.h">
      <Filter>Header Files</Filter>
    </ClInclude>
    <ClInclude Include="DXFramework\DebuggingScene.h">
      <Filter>Header Files</Filter>
    </ClInclude>
    <ClInclude Include="DXFramework\DepthStencilState.h">
      <Filter>Header Files</Filter>
    </ClInclude>
    <ClInclude Include="DXFramework\DX_info.h">
      <Filter>Header Files</Filter>
    </ClInclude>
    <ClInclude Include="DXFramework\DXFramework.h">
      <Filter>Header Files</Filter>
    </ClInclude>
    <ClInclude Include="DXFramework\Geometrics.h">
      <Filter>Header Files</Filter>
    </ClInclude>
    <ClInclude Include="DXFramework\Graphic.h">
      <Filter>Header Files</Filter>
    </ClInclude>
    <ClInclude Include="DXFramework\Keyboard.h">
      <Filter>Header Files</Filter>
    </ClInclude>
    <ClInclude Include="DXFramework\LayerMask.h">
      <Filter>Header Files</Filter>
    </ClInclude>
    <ClInclude Include="DXFramework\Light.h">
      <Filter>Header Files</Filter>
    </ClInclude>
    <ClInclude Include="DXFramework\Mouse.h">
      <Filter>Header Files</Filter>
    </ClInclude>
    <ClInclude Include="DXFramework\Network.h">
      <Filter>Header Files</Filter>
    </ClInclude>
    <ClInclude Include="DXFramework\Object.h">
      <Filter>Header Files</Filter>
    </ClInclude>
    <ClInclude Include="DXFramework\ObjectMgr.h">
      <Filter>Header Files</Filter>
    </ClInclude>
    <ClInclude Include="DXFramework\ObjectObsInfo.h">
      <Filter>Header Files</Filter>
    </ClInclude>
    <ClInclude Include="DXFramework\ObjectPool.h">
      <Filter>Header Files</Filter>
    </ClInclude>
    <ClInclude Include="DXFramework\ObserverDP.h">
      <Filter>Header Files</Filter>
    </ClInclude>
    <ClInclude Include="DXFramework\Physic.h">
      <Filter>Header Files</Filter>
    </ClInclude>
    <ClInclude Include="DXFramework\PlayScene.h">
      <Filter>Header Files</Filter>
    </ClInclude>
    <ClInclude Include="DXFramework\RasterizerState.h">
      <Filter>Header Files</Filter>
    </ClInclude>
    <ClInclude Include="DXFramework\RenderScene.h">
      <Filter>Header Files</Filter>
    </ClInclude>
    <ClInclude Include="DXFramework\Scene.h">
      <Filter>Header Files</Filter>
    </ClInclude>
    <ClInclude Include="DXFramework\SceneMgr.h">
      <Filter>Header Files</Filter>
    </ClInclude>
    <ClInclude Include="DXFramework\SetupScene.h">
      <Filter>Header Files</Filter>
    </ClInclude>
    <ClInclude Include="DXFramework\Shader.h">
      <Filter>Header Files</Filter>
    </ClInclude>
    <ClInclude Include="DXFramework\ShaderFormat.h">
      <Filter>Header Files</Filter>
    </ClInclude>
    <ClInclude Include="DXFramework\ShaderReg.h">
      <Filter>Header Files</Filter>
    </ClInclude>
    <ClInclude Include="DXFramework\Shape.h">
      <Filter>Header Files</Filter>
    </ClInclude>
    <ClInclude Include="DXFramework\Singleton.h">
      <Filter>Header Files</Filter>
    </ClInclude>
    <ClInclude Include="DXFramework\Skybox.h">
      <Filter>Header Files</Filter>
    </ClInclude>
    <ClInclude Include="DXFramework\TextureMgr.h">
      <Filter>Header Files</Filter>
    </ClInclude>
    <ClInclude Include="DXFramework\Timer.h">
      <Filter>Header Files</Filter>
    </ClInclude>
    <ClInclude Include="DXFramework\Transform.h">
      <Filter>Header Files</Filter>
    </ClInclude>
    <ClInclude Include="DXFramework\UI.h">
      <Filter>Header Files</Filter>
    </ClInclude>
    <ClInclude Include="DXFramework\Unbinding.h">
      <Filter>Header Files</Filter>
    </ClInclude>
    <ClInclude Include="DXFramework\UnlitObj.h">
      <Filter>Header Files</Filter>
    </ClInclude>
    <ClInclude Include="DXFramework\Algorithm.h">
      <Filter>Header Files</Filter>
    </ClInclude>
    <ClInclude Include="DXFramework\AStar.h">
      <Filter>Header Files</Filter>
    </ClInclude>
    <ClInclude Include="DXFramework\CustomSTL.h">
      <Filter>Header Files</Filter>
    </ClInclude>
    <ClInclude Include="DXFramework\TurnController.h">
      <Filter>Header Files</Filter>
    </ClInclude>
  </ItemGroup>
  <ItemGroup>
    <FxCompile Include="DXFramework\HLSL\MarkPS.hlsl">
      <Filter>HLSL</Filter>
    </FxCompile>
    <FxCompile Include="DXFramework\HLSL\MarkVS.hlsl">
      <Filter>HLSL</Filter>
    </FxCompile>
    <FxCompile Include="DXFramework\HLSL\SkyboxPS.hlsl">
      <Filter>HLSL</Filter>
    </FxCompile>
    <FxCompile Include="DXFramework\HLSL\SkyboxVS.hlsl">
      <Filter>HLSL</Filter>
    </FxCompile>
    <FxCompile Include="DXFramework\HLSL\StdPS.hlsl">
      <Filter>HLSL</Filter>
    </FxCompile>
    <FxCompile Include="DXFramework\HLSL\StdVS.hlsl">
      <Filter>HLSL</Filter>
    </FxCompile>
    <FxCompile Include="DXFramework\HLSL\UIPS.hlsl">
      <Filter>HLSL</Filter>
    </FxCompile>
    <FxCompile Include="DXFramework\HLSL\UIVS.hlsl">
      <Filter>HLSL</Filter>
    </FxCompile>
  </ItemGroup>
  <ItemGroup>
    <None Include="DXFramework\HLSL\ShaderVertex.cginc">
      <Filter>HLSL\cginc</Filter>
    </None>
    <None Include="DXFramework\HLSL\ShaderCM.cginc">
      <Filter>HLSL\cginc</Filter>
    </None>
    <None Include="DXFramework\HLSL\ShaderInfo.cginc">
      <Filter>HLSL\cginc</Filter>
    </None>
    <None Include="DXFramework\HLSL\ShaderLight.cginc">
      <Filter>HLSL\cginc</Filter>
    </None>
    <None Include="DXFramework\HLSL\ShaderNormal.cginc">
      <Filter>HLSL\cginc</Filter>
    </None>
    <None Include="DXFramework\HLSL\ShaderReg.cginc">
      <Filter>HLSL\cginc</Filter>
    </None>
    <None Include="DXFramework\HLSL\ShaderSampAniso.cginc">
      <Filter>HLSL\cginc</Filter>
    </None>
    <None Include="DXFramework\HLSL\ShaderSampCmpLinearPoint.cginc">
      <Filter>HLSL\cginc</Filter>
    </None>
    <None Include="DXFramework\HLSL\ShaderSampCmpPoint.cginc">
      <Filter>HLSL\cginc</Filter>
    </None>
    <None Include="DXFramework\HLSL\ShaderSampLinear.cginc">
      <Filter>HLSL\cginc</Filter>
    </None>
    <None Include="DXFramework\HLSL\ShaderSampLinearPoint.cginc">
      <Filter>HLSL\cginc</Filter>
    </None>
    <None Include="DXFramework\HLSL\ShaderSampPoint.cginc">
      <Filter>HLSL\cginc</Filter>
    </None>
  </ItemGroup>
</Project>