<?xml version="1.0" encoding="utf-8"?>
<Project ToolsVersion="4.0" xmlns="http://schemas.microsoft.com/developer/msbuild/2003">
  <ItemGroup>
    <Filter Include="Source Files">
      <UniqueIdentifier>{4FC737F1-C7A5-4376-A066-2A32D752A2FF}</UniqueIdentifier>
      <Extensions>cpp;c;cc;cxx;def;odl;idl;hpj;bat;asm;asmx</Extensions>
    </Filter>
    <Filter Include="Header Files">
      <UniqueIdentifier>{93995380-89BD-4b04-88EB-625FBE52EBFB}</UniqueIdentifier>
      <Extensions>h;hh;hpp;hxx;hm;inl;inc;ipp;xsd</Extensions>
    </Filter>
    <Filter Include="Resource Files">
      <UniqueIdentifier>{67DA6AB6-F800-4c08-8B7A-83BB121AAD01}</UniqueIdentifier>
      <Extensions>rc;ico;cur;bmp;dlg;rc2;rct;bin;rgs;gif;jpg;jpeg;jpe;resx;tiff;tif;png;wav;mfcribbon-ms</Extensions>
    </Filter>
    <Filter Include="Components">
      <UniqueIdentifier>{a6b25dea-0e53-4097-b39b-b810bcef00a7}</UniqueIdentifier>
    </Filter>
    <Filter Include="DesignPattern">
      <UniqueIdentifier>{d8d73e40-602b-4fee-9329-fcf5bb469cb5}</UniqueIdentifier>
    </Filter>
    <Filter Include="Components\Shape">
      <UniqueIdentifier>{aa4a1df1-a7c5-479f-bd82-bb00d71d8704}</UniqueIdentifier>
    </Filter>
  </ItemGroup>
  <ItemGroup>
    <ClCompile Include="DepthStencilState.cpp">
      <Filter>Components</Filter>
    </ClCompile>
    <ClCompile Include="Component.cpp">
      <Filter>Components</Filter>
    </ClCompile>
    <ClCompile Include="BlendState.cpp">
      <Filter>Components</Filter>
    </ClCompile>
    <ClCompile Include="Shader.cpp">
      <Filter>Components</Filter>
    </ClCompile>
    <ClCompile Include="Cube.cpp">
      <Filter>Components\Shape</Filter>
    </ClCompile>
    <ClCompile Include="Cylinder.cpp">
      <Filter>Components\Shape</Filter>
    </ClCompile>
    <ClCompile Include="Hill.cpp">
      <Filter>Components\Shape</Filter>
    </ClCompile>
    <ClCompile Include="Quad.cpp">
      <Filter>Components\Shape</Filter>
    </ClCompile>
    <ClCompile Include="Sphere.cpp">
      <Filter>Components\Shape</Filter>
    </ClCompile>
    <ClCompile Include="Shape.cpp">
      <Filter>Components\Shape</Filter>
    </ClCompile>
    <ClCompile Include="Transform.cpp">
      <Filter>Components</Filter>
    </ClCompile>
  </ItemGroup>
  <ItemGroup>
    <ClInclude Include="BlendState.h">
      <Filter>Components</Filter>
    </ClInclude>
    <ClInclude Include="Component.h">
      <Filter>Components</Filter>
    </ClInclude>
    <ClInclude Include="DepthStencilState.h">
      <Filter>Components</Filter>
    </ClInclude>
    <ClInclude Include="Shader.h">
      <Filter>Components</Filter>
    </ClInclude>
    <ClInclude Include="Singleton.h">
      <Filter>DesignPattern</Filter>
    </ClInclude>
    <ClInclude Include="Shape.h">
      <Filter>Components\Shape</Filter>
    </ClInclude>
    <ClInclude Include="Sphere.h">
      <Filter>Components\Shape</Filter>
    </ClInclude>
    <ClInclude Include="Hill.h">
      <Filter>Components\Shape</Filter>
    </ClInclude>
    <ClInclude Include="Cube.h">
      <Filter>Components\Shape</Filter>
    </ClInclude>
    <ClInclude Include="Cylinder.h">
      <Filter>Components\Shape</Filter>
    </ClInclude>
    <ClInclude Include="Quad.h">
      <Filter>Components\Shape</Filter>
    </ClInclude>
    <ClInclude Include="Transform.h">
      <Filter>Components</Filter>
    </ClInclude>
    <ClInclude Include="ObserverDP.h">
      <Filter>DesignPattern</Filter>
    </ClInclude>
  </ItemGroup>
</Project>